# THIS IS AN AUTOGENERATED FILE. DO NOT EDIT THIS FILE DIRECTLY.
# yarn lockfile v1


"@ohoareau/aws@^0.1.5":
  version "0.1.5"
  resolved "https://registry.yarnpkg.com/@ohoareau/aws/-/aws-0.1.5.tgz#2aae671040f589d7b7f64ae31117c7e39450b087"
  integrity sha512-mdxc3b5SKBrGJ1nySxeU+59HmsWTKE3LrIlxVL+QXfGnWsUF5y/p+oqrJ4G637xigaUL50hz+SMfdCNA6hkajQ==
  dependencies:
    "@ohoareau/errors" "^0.1.0"
    uuid "^8.3.1"

"@ohoareau/errors@^0.1.0":
  version "0.1.0"
  resolved "https://registry.yarnpkg.com/@ohoareau/errors/-/errors-0.1.0.tgz#dc6646ba6892fa90934c86227d28a8d38414ed1f"
  integrity sha512-5eeiyHzTScqvxsS3O3cRFYUptsJvGvoFJX4gGFkG+U5T9rjWHE6NePpRzH0V8ieuxkfXtTN5e5qfmRn3fHqy7g==

"@ohoareau/lambda-api-status@^0.1.4":
  version "0.1.4"
  resolved "https://registry.yarnpkg.com/@ohoareau/lambda-api-status/-/lambda-api-status-0.1.4.tgz#7b98371ec47cb8e8c76e6677176430998e0ca336"
  integrity sha512-WcAOJWx+P+7lGMytDMqRD7vCSl5a/H//6gH+B/+EOLFcBoo/xVETEfRoBYHnEVMvyrGnuXEXj7AwueyH5yO4jQ==
  dependencies:
    "@ohoareau/aws" "^0.1.5"
    "@ohoareau/lambda-utils" "^0.2.4"

"@ohoareau/lambda-utils@^0.2.4":
  version "0.2.4"
  resolved "https://registry.yarnpkg.com/@ohoareau/lambda-utils/-/lambda-utils-0.2.4.tgz#ffc1ca3bc0f66d502bbbae8e74b378d8c1468b97"
  integrity sha512-6hc6YN82z8KYWslPC5kRlUnfm2Dw9HqbG5mKJI8M2MKfeXhta90+8B3tLYfvuraWJmLF05iKsh+diudWov0kzg==
  dependencies:
    "@ohoareau/aws" "^0.1.5"
    node-fetch "^2.6.1"
    path-parser "^6.1.0"

node-fetch@^2.6.1:
  version "2.6.1"
  resolved "https://registry.yarnpkg.com/node-fetch/-/node-fetch-2.6.1.tgz#045bd323631f76ed2e2b55573394416b639a0052"
  integrity sha512-V4aYg89jEoVRxRb2fJdAg8FHvI7cEyYdVAh94HH0UIK8oJxUfkjlDQN9RbMx+bEjP7+ggMiFRprSti032Oipxw==

path-parser@^6.1.0:
  version "6.1.0"
  resolved "https://registry.yarnpkg.com/path-parser/-/path-parser-6.1.0.tgz#ee8a1dd7b1ffaf4069f2ddd1c20d1867c8fd3a08"
  integrity sha512-nAB6J73z2rFcQP+870OHhpkHFj5kO4rPLc2Ol4Y3Ale7F6Hk1/cPKp7cQ8RznKF8FOSvu+YR9Xc6Gafk7DlpYA==
  dependencies:
    search-params "3.0.0"
    tslib "^1.10.0"

search-params@3.0.0:
  version "3.0.0"
  resolved "https://registry.yarnpkg.com/search-params/-/search-params-3.0.0.tgz#dbc7c243058e5a33ae1e9870be91f5aced4100d8"
  integrity sha512-8CYNl/bjkEhXWbDTU/K7c2jQtrnqEffIPyOLMqygW/7/b+ym8UtQumcAZjOfMLjZKR6AxK5tOr9fChbQZCzPqg==

tslib@^1.10.0:
  version "1.14.1"
  resolved "https://registry.yarnpkg.com/tslib/-/tslib-1.14.1.tgz#cf2d38bdc34a134bcaf1091c41f6619e2f672d00"
  integrity sha512-Xni35NKzjgMrwevysHTCArtLDpPvye8zV/0E4EyYn43P7/7qvQwPh9BGkHewbMulVntbigmcT7rdX3BNo9wRJg==

uuid@^8.3.1:
  version "8.3.2"
  resolved "https://registry.yarnpkg.com/uuid/-/uuid-8.3.2.tgz#80d5b5ced271bb9af6c445f21a1a04c606cefbe2"
  integrity sha512-+NYs2QeMWy+GWFOEm9xnn6HCDp0l7QBD7ml8zLUmJ+93Q5NF0NocErnwkTkXVFNiX3/fpC6afS8Dhb/gz7R7eg==
