# THIS IS AN AUTOGENERATED FILE. DO NOT EDIT THIS FILE DIRECTLY.
# yarn lockfile v1


"@ohoareau/aws@^0.1.4":
  version "0.1.4"
  resolved "https://registry.yarnpkg.com/@ohoareau/aws/-/aws-0.1.4.tgz#9d3914c90100f77aa55db056fe88df1d40e15f5a"
  integrity sha512-JwZ7w/QoJji/Ix7JGyBFMDG/FIEBW9zvFPqUxafT1+JOmJLxfx7tbOIXH6rYquoYVxK0gWDAZVZ89vCpNJ9fEg==
  dependencies:
    "@ohoareau/errors" "^0.1.0"
    uuid "^8.3.1"

"@ohoareau/errors@^0.1.0":
  version "0.1.0"
  resolved "https://registry.yarnpkg.com/@ohoareau/errors/-/errors-0.1.0.tgz#dc6646ba6892fa90934c86227d28a8d38414ed1f"
  integrity sha512-5eeiyHzTScqvxsS3O3cRFYUptsJvGvoFJX4gGFkG+U5T9rjWHE6NePpRzH0V8ieuxkfXtTN5e5qfmRn3fHqy7g==

"@ohoareau/lambda-api-payment@^0.0.1":
  version "0.0.1"
  resolved "https://registry.yarnpkg.com/@ohoareau/lambda-api-payment/-/lambda-api-payment-0.0.1.tgz#3ecd54d33ad76e1f2180da4646a6a950fcc7554a"
  integrity sha512-PUpMDqSANUPe9XIouml8LIwIjaAWsSPOK3O5c4YRpheQwtQgA+avN318pSjvFg9WJEJl6Mx91t502a303bxIYQ==
  dependencies:
    "@ohoareau/aws" "^0.1.4"
    "@ohoareau/lambda-utils" "^0.1.7"

"@ohoareau/lambda-utils@^0.1.7":
  version "0.1.7"
  resolved "https://registry.yarnpkg.com/@ohoareau/lambda-utils/-/lambda-utils-0.1.7.tgz#aa442abbb4f4bd742f327b83ce3444fef9baf06b"
  integrity sha512-6BBKX3TDvmAmyNTn6KfdctmoGZdFn4gSPxnQQnQ0jgGcpWD3k/BITN2NQIrNgxuCy3F+rbJUu9CRc9EXd/Zv5w==
  dependencies:
    "@ohoareau/aws" "^0.1.4"

uuid@^8.3.1:
  version "8.3.2"
  resolved "https://registry.yarnpkg.com/uuid/-/uuid-8.3.2.tgz#80d5b5ced271bb9af6c445f21a1a04c606cefbe2"
  integrity sha512-+NYs2QeMWy+GWFOEm9xnn6HCDp0l7QBD7ml8zLUmJ+93Q5NF0NocErnwkTkXVFNiX3/fpC6afS8Dhb/gz7R7eg==
