# THIS IS AN AUTOGENERATED FILE. DO NOT EDIT THIS FILE DIRECTLY.
# yarn lockfile v1


"@ohoareau/aws@^0.1.3":
  version "0.1.3"
  resolved "https://registry.yarnpkg.com/@ohoareau/aws/-/aws-0.1.3.tgz#a5c05e0cf116ab98b7546b5ab1955eb96d3eab61"
  integrity sha512-g5YVR31s3xU3HbFfNs+33tUuovQ3hswnSZxpBU8bOwer1wFWgL4PSpIN7J5csnAKVUeMZtYN0EOlEPPEnmznAA==
  dependencies:
    "@ohoareau/errors" "^0.1.0"
    uuid "^8.3.1"

"@ohoareau/errors@^0.1.0":
  version "0.1.0"
  resolved "https://registry.yarnpkg.com/@ohoareau/errors/-/errors-0.1.0.tgz#dc6646ba6892fa90934c86227d28a8d38414ed1f"
  integrity sha512-5eeiyHzTScqvxsS3O3cRFYUptsJvGvoFJX4gGFkG+U5T9rjWHE6NePpRzH0V8ieuxkfXtTN5e5qfmRn3fHqy7g==

"@ohoareau/lambda-api-redirect@^0.1.4":
  version "0.1.4"
  resolved "https://registry.yarnpkg.com/@ohoareau/lambda-api-redirect/-/lambda-api-redirect-0.1.4.tgz#a884455a06a7d79f2ec04624597eb1d256b68a11"
  integrity sha512-EBwaH49VGmFvdo/GGCsuQ8MFEsWF4s3h2hRSIzNddbwqTfNPgJ79x1xAkKY6bZYA18DwTKl1OccRQA0Fn259iQ==
  dependencies:
    "@ohoareau/aws" "^0.1.3"
    "@ohoareau/lambda-utils" "^0.1.4"

"@ohoareau/lambda-utils@^0.1.4":
  version "0.1.4"
  resolved "https://registry.yarnpkg.com/@ohoareau/lambda-utils/-/lambda-utils-0.1.4.tgz#bcebdbaa15bc48cf12c4486e1ac15dc4714a6e0e"
  integrity sha512-hu9z/HMNWHJfyjvr9lgVtIphzN60B+CP7ZN5/Sr6B1gk/1kpiupGNYg0OWLiph3VdG72kmYqy+sWzpoZCwehEg==
  dependencies:
    "@ohoareau/aws" "^0.1.3"

uuid@^8.3.1:
  version "8.3.2"
  resolved "https://registry.yarnpkg.com/uuid/-/uuid-8.3.2.tgz#80d5b5ced271bb9af6c445f21a1a04c606cefbe2"
  integrity sha512-+NYs2QeMWy+GWFOEm9xnn6HCDp0l7QBD7ml8zLUmJ+93Q5NF0NocErnwkTkXVFNiX3/fpC6afS8Dhb/gz7R7eg==
