# THIS IS AN AUTOGENERATED FILE. DO NOT EDIT THIS FILE DIRECTLY.
# yarn lockfile v1


"@ohoareau/aws@^0.1.3":
  version "0.1.3"
  resolved "https://registry.yarnpkg.com/@ohoareau/aws/-/aws-0.1.3.tgz#a5c05e0cf116ab98b7546b5ab1955eb96d3eab61"
  integrity sha512-g5YVR31s3xU3HbFfNs+33tUuovQ3hswnSZxpBU8bOwer1wFWgL4PSpIN7J5csnAKVUeMZtYN0EOlEPPEnmznAA==
  dependencies:
    "@ohoareau/errors" "^0.1.0"
    uuid "^8.3.1"

"@ohoareau/errors@^0.1.0":
  version "0.1.0"
  resolved "https://registry.yarnpkg.com/@ohoareau/errors/-/errors-0.1.0.tgz#dc6646ba6892fa90934c86227d28a8d38414ed1f"
  integrity sha512-5eeiyHzTScqvxsS3O3cRFYUptsJvGvoFJX4gGFkG+U5T9rjWHE6NePpRzH0V8ieuxkfXtTN5e5qfmRn3fHqy7g==

"@ohoareau/lambda-api-event@^0.1.5":
  version "0.1.5"
  resolved "https://registry.yarnpkg.com/@ohoareau/lambda-api-event/-/lambda-api-event-0.1.5.tgz#530641851204f328657360df072c8e697d01a3ff"
  integrity sha512-w0ix2CXbIsL+6d+T3FEQI2uTu48nu6cBDM1SV1JSiSqfOjN+M6MK9aAY49ck3D3vjkmas7QtYOVmi0MuEYKU+A==
  dependencies:
    "@ohoareau/aws" "^0.1.3"
    "@ohoareau/lambda-utils" "^0.1.5"

"@ohoareau/lambda-utils@^0.1.5":
  version "0.1.5"
  resolved "https://registry.yarnpkg.com/@ohoareau/lambda-utils/-/lambda-utils-0.1.5.tgz#4eec986ac8842de6c638c12dc63e244dff0b741e"
  integrity sha512-O0wEoiFTv832TQQYYpVLbztLwIUxhQNR0+vHj06q2dg7sdCk9WjLpL1N/HucBXz/5s9eQ7Tn0qKT6+bDzv2iYg==
  dependencies:
    "@ohoareau/aws" "^0.1.3"

uuid@^8.3.1:
  version "8.3.2"
  resolved "https://registry.yarnpkg.com/uuid/-/uuid-8.3.2.tgz#80d5b5ced271bb9af6c445f21a1a04c606cefbe2"
  integrity sha512-+NYs2QeMWy+GWFOEm9xnn6HCDp0l7QBD7ml8zLUmJ+93Q5NF0NocErnwkTkXVFNiX3/fpC6afS8Dhb/gz7R7eg==
